
Microsoft Visual Studio Solution File, Format Version 12.00
# Visual Studio Version 16
VisualStudioVersion = 16.0.31702.278
MinimumVisualStudioVersion = 10.0.40219.1
Project("{FAE04EC0-301F-11D3-BF4B-00C04F79EFBC}") = "phantom", "phantom\phantom.csproj", "{1B1F7D89-53CE-4578-BE01-BD184DF775A2}"
EndProject
Global
	GlobalSection(SolutionConfigurationPlatforms) = preSolution
		Debug|Any CPU = Debug|Any CPU
		Release|Any CPU = Release|Any CPU
	EndGlobalSection
	GlobalSection(ProjectConfigurationPlatforms) = postSolution
		{1B1F7D89-53CE-4578-BE01-BD184DF775A2}.Debug|Any CPU.ActiveCfg = Debug|Any CPU
		{1B1F7D89-53CE-4578-BE01-BD184DF775A2}.Debug|Any CPU.Build.0 = Debug|Any CPU
		{1B1F7D89-53CE-4578-BE01-BD184DF775A2}.Release|Any CPU.ActiveCfg = Release|Any CPU
		{1B1F7D89-53CE-4578-BE01-BD184DF775A2}.Release|Any CPU.Build.0 = Release|Any CPU
	EndGlobalSection
	GlobalSection(SolutionProperties) = preSolution
		HideSolutionNode = FALSE
	EndGlobalSection
	GlobalSection(ExtensibilityGlobals) = postSolution
		SolutionGuid = {1A1BCAF4-4D68-4CA3-8E80-D4511B4E36E3}
	EndGlobalSection
EndGlobal
